
Microsoft Visual Studio Solution File, Format Version 12.00
# Visual Studio 2013
VisualStudioVersion = 12.0.21005.1
MinimumVisualStudioVersion = 10.0.40219.1
Project("{FAE04EC0-301F-11D3-BF4B-00C04F79EFBC}") = "Latihan_1_1", "scrollbar\Latihan_1_1.csproj", "{85FE71A2-9BC4-456A-BB2D-E59D98E9CC3F}"
EndProject
Project("{FAE04EC0-301F-11D3-BF4B-00C04F79EFBC}") = "Latihan_2_1", "Latihan_2_1\Latihan_2_1.csproj", "{4D8B6FC7-B6A1-408B-93AA-16B45FF169E6}"
EndProject
Global
	GlobalSection(SolutionConfigurationPlatforms) = preSolution
		Debug|Any CPU = Debug|Any CPU
		Release|Any CPU = Release|Any CPU
	EndGlobalSection
	GlobalSection(ProjectConfigurationPlatforms) = postSolution
		{85FE71A2-9BC4-456A-BB2D-E59D98E9CC3F}.Debug|Any CPU.ActiveCfg = Debug|Any CPU
		{85FE71A2-9BC4-456A-BB2D-E59D98E9CC3F}.Debug|Any CPU.Build.0 = Debug|Any CPU
		{85FE71A2-9BC4-456A-BB2D-E59D98E9CC3F}.Release|Any CPU.ActiveCfg = Release|Any CPU
		{85FE71A2-9BC4-456A-BB2D-E59D98E9CC3F}.Release|Any CPU.Build.0 = Release|Any CPU
		{4D8B6FC7-B6A1-408B-93AA-16B45FF169E6}.Debug|Any CPU.ActiveCfg = Debug|Any CPU
		{4D8B6FC7-B6A1-408B-93AA-16B45FF169E6}.Debug|Any CPU.Build.0 = Debug|Any CPU
		{4D8B6FC7-B6A1-408B-93AA-16B45FF169E6}.Release|Any CPU.ActiveCfg = Release|Any CPU
		{4D8B6FC7-B6A1-408B-93AA-16B45FF169E6}.Release|Any CPU.Build.0 = Release|Any CPU
	EndGlobalSection
	GlobalSection(SolutionProperties) = preSolution
		HideSolutionNode = FALSE
	EndGlobalSection
EndGlobal
